
Microsoft Visual Studio Solution File, Format Version 12.00
# Visual Studio Version 17
VisualStudioVersion = 17.5.002.0
MinimumVisualStudioVersion = 10.0.40219.1
Project("{9A19103F-16F7-4668-BE54-9A1E7A4F7556}") = "WorkspaceTest", "WorkspaceTest\WorkspaceTest.csproj", "{5F6FD694-E77B-42E8-AEF8-3FB7CB704E20}"
EndProject
Global
	GlobalSection(SolutionConfigurationPlatforms) = preSolution
		Debug|Any CPU = Debug|Any CPU
		Release|Any CPU = Release|Any CPU
	EndGlobalSection
	GlobalSection(ProjectConfigurationPlatforms) = postSolution
		{5F6FD694-E77B-42E8-AEF8-3FB7CB704E20}.Debug|Any CPU.ActiveCfg = Debug|Any CPU
		{5F6FD694-E77B-42E8-AEF8-3FB7CB704E20}.Debug|Any CPU.Build.0 = Debug|Any CPU
		{5F6FD694-E77B-42E8-AEF8-3FB7CB704E20}.Release|Any CPU.ActiveCfg = Release|Any CPU
		{5F6FD694-E77B-42E8-AEF8-3FB7CB704E20}.Release|Any CPU.Build.0 = Release|Any CPU
	EndGlobalSection
	GlobalSection(SolutionProperties) = preSolution
		HideSolutionNode = FALSE
	EndGlobalSection
	GlobalSection(ExtensibilityGlobals) = postSolution
		SolutionGuid = {6B17BBAA-A3CB-4C27-A727-46BF182AC3D3}
	EndGlobalSection
EndGlobal
